// !$*UTF8*$!
{
	archiveVersion = 1;
	classes = {
	};
	objectVersion = 56;
	objects = {

/* Begin PBXBuildFile section */
		0C34CB132938BB9800DC3604 /* AppDelegate.swift in Sources */ = {isa = PBXBuildFile; fileRef = 0C34CB122938BB9800DC3604 /* AppDelegate.swift */; };
		0C34CB152938BB9800DC3604 /* SceneDelegate.swift in Sources */ = {isa = PBXBuildFile; fileRef = 0C34CB142938BB9800DC3604 /* SceneDelegate.swift */; };
		0C34CB1C2938BB9800DC3604 /* Assets.xcassets in Resources */ = {isa = PBXBuildFile; fileRef = 0C34CB1B2938BB9800DC3604 /* Assets.xcassets */; };
		0C34CB1F2938BB9800DC3604 /* LaunchScreen.storyboard in Resources */ = {isa = PBXBuildFile; fileRef = 0C34CB1D2938BB9800DC3604 /* LaunchScreen.storyboard */; };
		0C34CB4C2938BD2900DC3604 /* AppCoordinator.swift in Sources */ = {isa = PBXBuildFile; fileRef = 0C34CB4B2938BD2900DC3604 /* AppCoordinator.swift */; };
		0C34CB4E2938BD3000DC3604 /* Coordinator.swift in Sources */ = {isa = PBXBuildFile; fileRef = 0C34CB4D2938BD3000DC3604 /* Coordinator.swift */; };
		0C34CB502938BD4600DC3604 /* ApiManager.swift in Sources */ = {isa = PBXBuildFile; fileRef = 0C34CB4F2938BD4600DC3604 /* ApiManager.swift */; };
		0C34CB522938BD5000DC3604 /* StorageManager.swift in Sources */ = {isa = PBXBuildFile; fileRef = 0C34CB512938BD5000DC3604 /* StorageManager.swift */; };
		0C34CB542938BD6A00DC3604 /* BaseProtocol.swift in Sources */ = {isa = PBXBuildFile; fileRef = 0C34CB532938BD6A00DC3604 /* BaseProtocol.swift */; };
		0C34CB5A2938BDA800DC3604 /* PeoplesViewController.swift in Sources */ = {isa = PBXBuildFile; fileRef = 0C34CB592938BDA800DC3604 /* PeoplesViewController.swift */; };
		0C34CB5C2938BDB000DC3604 /* PeoplesPresenter.swift in Sources */ = {isa = PBXBuildFile; fileRef = 0C34CB5B2938BDB000DC3604 /* PeoplesPresenter.swift */; };
		0C34CB5E2938BDC500DC3604 /* PeoplesInteractor.swift in Sources */ = {isa = PBXBuildFile; fileRef = 0C34CB5D2938BDC500DC3604 /* PeoplesInteractor.swift */; };
		0C34CB602938BDD500DC3604 /* PeoplesService.swift in Sources */ = {isa = PBXBuildFile; fileRef = 0C34CB5F2938BDD500DC3604 /* PeoplesService.swift */; };
		0C34CB622938BDE000DC3604 /* PeoplesCoordinator.swift in Sources */ = {isa = PBXBuildFile; fileRef = 0C34CB612938BDE000DC3604 /* PeoplesCoordinator.swift */; };
		0C34CB642938BDEC00DC3604 /* PeoplesViewController.xib in Resources */ = {isa = PBXBuildFile; fileRef = 0C34CB632938BDEC00DC3604 /* PeoplesViewController.xib */; };
		0C34CB662938BDF800DC3604 /* PeoplesContract.swift in Sources */ = {isa = PBXBuildFile; fileRef = 0C34CB652938BDF800DC3604 /* PeoplesContract.swift */; };
		0C34CB6D2938BE4200DC3604 /* Peoples.swift in Sources */ = {isa = PBXBuildFile; fileRef = 0C34CB6C2938BE4200DC3604 /* Peoples.swift */; };
		0C34CB6F2938BE6E00DC3604 /* PeoplesResponse.swift in Sources */ = {isa = PBXBuildFile; fileRef = 0C34CB6E2938BE6E00DC3604 /* PeoplesResponse.swift */; };
		0C34CB712938BF6B00DC3604 /* PeoplesServiceContract.swift in Sources */ = {isa = PBXBuildFile; fileRef = 0C34CB702938BF6B00DC3604 /* PeoplesServiceContract.swift */; };
		0C34CB732938BFC600DC3604 /* PeoplesApi.swift in Sources */ = {isa = PBXBuildFile; fileRef = 0C34CB722938BFC600DC3604 /* PeoplesApi.swift */; };
		0C34CB762938C09500DC3604 /* PeoplesResponseApi.swift in Sources */ = {isa = PBXBuildFile; fileRef = 0C34CB752938C09500DC3604 /* PeoplesResponseApi.swift */; };
		0C34CB782938C27B00DC3604 /* CustomErrorProtocol.swift in Sources */ = {isa = PBXBuildFile; fileRef = 0C34CB772938C27B00DC3604 /* CustomErrorProtocol.swift */; };
		0C34CB7A2938C28300DC3604 /* CustomAlert.swift in Sources */ = {isa = PBXBuildFile; fileRef = 0C34CB792938C28300DC3604 /* CustomAlert.swift */; };
		0C34CB7C2938C35800DC3604 /* PeoplesServiceApi.swift in Sources */ = {isa = PBXBuildFile; fileRef = 0C34CB7B2938C35800DC3604 /* PeoplesServiceApi.swift */; };
		0C34CB802938C8C400DC3604 /* CustomCellsPeoples.swift in Sources */ = {isa = PBXBuildFile; fileRef = 0C34CB7F2938C8C400DC3604 /* CustomCellsPeoples.swift */; };
		0C34CB822938C8CE00DC3604 /* CellsPeoples.xib in Resources */ = {isa = PBXBuildFile; fileRef = 0C34CB812938C8CE00DC3604 /* CellsPeoples.xib */; };
		0C34CB862938D77B00DC3604 /* FilmsContract.swift in Sources */ = {isa = PBXBuildFile; fileRef = 0C34CB852938D77B00DC3604 /* FilmsContract.swift */; };
		0C34CB882938D78700DC3604 /* FilmsViewController.swift in Sources */ = {isa = PBXBuildFile; fileRef = 0C34CB872938D78700DC3604 /* FilmsViewController.swift */; };
		0C34CB8A2938D79A00DC3604 /* FilmsPresenter.swift in Sources */ = {isa = PBXBuildFile; fileRef = 0C34CB892938D79A00DC3604 /* FilmsPresenter.swift */; };
		0C34CB8C2938D7A500DC3604 /* FilmsInteractor.swift in Sources */ = {isa = PBXBuildFile; fileRef = 0C34CB8B2938D7A500DC3604 /* FilmsInteractor.swift */; };
		0C34CB8E2938D7AE00DC3604 /* FilmsService.swift in Sources */ = {isa = PBXBuildFile; fileRef = 0C34CB8D2938D7AE00DC3604 /* FilmsService.swift */; };
		0C34CB902938D7BC00DC3604 /* FilmsCoordinator.swift in Sources */ = {isa = PBXBuildFile; fileRef = 0C34CB8F2938D7BC00DC3604 /* FilmsCoordinator.swift */; };
		0C34CB942938D7D800DC3604 /* FilmsViewController.xib in Resources */ = {isa = PBXBuildFile; fileRef = 0C34CB932938D7D800DC3604 /* FilmsViewController.xib */; };
		0C34CB962938D84D00DC3604 /* Films.swift in Sources */ = {isa = PBXBuildFile; fileRef = 0C34CB952938D84D00DC3604 /* Films.swift */; };
		0C34CB9A2938D90600DC3604 /* FilmsResponse.swift in Sources */ = {isa = PBXBuildFile; fileRef = 0C34CB992938D90600DC3604 /* FilmsResponse.swift */; };
		0C34CB9C2938D97700DC3604 /* FilmsServiceContract.swift in Sources */ = {isa = PBXBuildFile; fileRef = 0C34CB9B2938D97700DC3604 /* FilmsServiceContract.swift */; };
		0C34CB9E2938D9B300DC3604 /* FilmsApi.swift in Sources */ = {isa = PBXBuildFile; fileRef = 0C34CB9D2938D9B300DC3604 /* FilmsApi.swift */; };
		0C34CBA02938DAF000DC3604 /* FilmsServiceApi.swift in Sources */ = {isa = PBXBuildFile; fileRef = 0C34CB9F2938DAF000DC3604 /* FilmsServiceApi.swift */; };
		0C34CBA22938DB0A00DC3604 /* FilmsResponseApi.swift in Sources */ = {isa = PBXBuildFile; fileRef = 0C34CBA12938DB0A00DC3604 /* FilmsResponseApi.swift */; };
		0C34CBA42938F66D00DC3604 /* CustomCellsFilms.swift in Sources */ = {isa = PBXBuildFile; fileRef = 0C34CBA32938F66D00DC3604 /* CustomCellsFilms.swift */; };
		0C34CBA62938F67B00DC3604 /* CellsFilms.xib in Resources */ = {isa = PBXBuildFile; fileRef = 0C34CBA52938F67B00DC3604 /* CellsFilms.xib */; };
		0C34CBAA29390B6E00DC3604 /* CallsConstants.swift in Sources */ = {isa = PBXBuildFile; fileRef = 0C34CBA929390B6E00DC3604 /* CallsConstants.swift */; };
		0C34CBB129390CF100DC3604 /* TestConstants.swift in Sources */ = {isa = PBXBuildFile; fileRef = 0C34CBB029390CF100DC3604 /* TestConstants.swift */; };
		0C34CBB329390D9400DC3604 /* PeoplesViewControllerTests.swift in Sources */ = {isa = PBXBuildFile; fileRef = 0C34CBB229390D9400DC3604 /* PeoplesViewControllerTests.swift */; };
		0C34CBB529390DD200DC3604 /* PeoplesViewMock.swift in Sources */ = {isa = PBXBuildFile; fileRef = 0C34CBB429390DD200DC3604 /* PeoplesViewMock.swift */; };
		0C34CBB729390DE800DC3604 /* PeoplesPresenterMock.swift in Sources */ = {isa = PBXBuildFile; fileRef = 0C34CBB629390DE800DC3604 /* PeoplesPresenterMock.swift */; };
		0C34CBB929390F6E00DC3604 /* PeoplesApiMock.swift in Sources */ = {isa = PBXBuildFile; fileRef = 0C34CBB829390F6E00DC3604 /* PeoplesApiMock.swift */; };
		0C34CBBB2939184A00DC3604 /* PeoplesPresenterTests.swift in Sources */ = {isa = PBXBuildFile; fileRef = 0C34CBBA2939184A00DC3604 /* PeoplesPresenterTests.swift */; };
		0C34CBBD293918D900DC3604 /* PeoplesInteractorMock.swift in Sources */ = {isa = PBXBuildFile; fileRef = 0C34CBBC293918D900DC3604 /* PeoplesInteractorMock.swift */; };
		0C34CBBF2939196900DC3604 /* PeoplesResponseApiMock.swift in Sources */ = {isa = PBXBuildFile; fileRef = 0C34CBBE2939196900DC3604 /* PeoplesResponseApiMock.swift */; };
		0C34CBC129391C5900DC3604 /* PeoplesInteractorTests.swift in Sources */ = {isa = PBXBuildFile; fileRef = 0C34CBC029391C5900DC3604 /* PeoplesInteractorTests.swift */; };
		0C34CBC329391CFF00DC3604 /* PeoplesServiceMock.swift in Sources */ = {isa = PBXBuildFile; fileRef = 0C34CBC229391CFF00DC3604 /* PeoplesServiceMock.swift */; };
		0C34CBC529391D8600DC3604 /* PeoplesServiceApiMock.swift in Sources */ = {isa = PBXBuildFile; fileRef = 0C34CBC429391D8600DC3604 /* PeoplesServiceApiMock.swift */; };
		0C34CBC729391FFE00DC3604 /* PeoplesServiceApiTests.swift in Sources */ = {isa = PBXBuildFile; fileRef = 0C34CBC629391FFE00DC3604 /* PeoplesServiceApiTests.swift */; };
		0C34CBC92939212500DC3604 /* ApiManagerMock.swift in Sources */ = {isa = PBXBuildFile; fileRef = 0C34CBC82939212500DC3604 /* ApiManagerMock.swift */; };
/* End PBXBuildFile section */

/* Begin PBXContainerItemProxy section */
		0C34CB262938BB9900DC3604 /* PBXContainerItemProxy */ = {
			isa = PBXContainerItemProxy;
			containerPortal = 0C34CB072938BB9800DC3604 /* Project object */;
			proxyType = 1;
			remoteGlobalIDString = 0C34CB0E2938BB9800DC3604;
			remoteInfo = StartWarsPeople;
		};
/* End PBXContainerItemProxy section */

/* Begin PBXFileReference section */
		0C34CB0F2938BB9800DC3604 /* StartWarsPeople.app */ = {isa = PBXFileReference; explicitFileType = wrapper.application; includeInIndex = 0; path = StartWarsPeople.app; sourceTree = BUILT_PRODUCTS_DIR; };
		0C34CB122938BB9800DC3604 /* AppDelegate.swift */ = {isa = PBXFileReference; lastKnownFileType = sourcecode.swift; path = AppDelegate.swift; sourceTree = "<group>"; };
		0C34CB142938BB9800DC3604 /* SceneDelegate.swift */ = {isa = PBXFileReference; lastKnownFileType = sourcecode.swift; path = SceneDelegate.swift; sourceTree = "<group>"; };
		0C34CB1B2938BB9800DC3604 /* Assets.xcassets */ = {isa = PBXFileReference; lastKnownFileType = folder.assetcatalog; path = Assets.xcassets; sourceTree = "<group>"; };
		0C34CB1E2938BB9800DC3604 /* Base */ = {isa = PBXFileReference; lastKnownFileType = file.storyboard; name = Base; path = Base.lproj/LaunchScreen.storyboard; sourceTree = "<group>"; };
		0C34CB202938BB9800DC3604 /* Info.plist */ = {isa = PBXFileReference; lastKnownFileType = text.plist.xml; path = Info.plist; sourceTree = "<group>"; };
		0C34CB252938BB9900DC3604 /* StartWarsPeopleTests.xctest */ = {isa = PBXFileReference; explicitFileType = wrapper.cfbundle; includeInIndex = 0; path = StartWarsPeopleTests.xctest; sourceTree = BUILT_PRODUCTS_DIR; };
		0C34CB4B2938BD2900DC3604 /* AppCoordinator.swift */ = {isa = PBXFileReference; lastKnownFileType = sourcecode.swift; path = AppCoordinator.swift; sourceTree = "<group>"; };
		0C34CB4D2938BD3000DC3604 /* Coordinator.swift */ = {isa = PBXFileReference; lastKnownFileType = sourcecode.swift; path = Coordinator.swift; sourceTree = "<group>"; };
		0C34CB4F2938BD4600DC3604 /* ApiManager.swift */ = {isa = PBXFileReference; lastKnownFileType = sourcecode.swift; path = ApiManager.swift; sourceTree = "<group>"; };
		0C34CB512938BD5000DC3604 /* StorageManager.swift */ = {isa = PBXFileReference; lastKnownFileType = sourcecode.swift; path = StorageManager.swift; sourceTree = "<group>"; };
		0C34CB532938BD6A00DC3604 /* BaseProtocol.swift */ = {isa = PBXFileReference; lastKnownFileType = sourcecode.swift; path = BaseProtocol.swift; sourceTree = "<group>"; };
		0C34CB592938BDA800DC3604 /* PeoplesViewController.swift */ = {isa = PBXFileReference; lastKnownFileType = sourcecode.swift; path = PeoplesViewController.swift; sourceTree = "<group>"; };
		0C34CB5B2938BDB000DC3604 /* PeoplesPresenter.swift */ = {isa = PBXFileReference; lastKnownFileType = sourcecode.swift; path = PeoplesPresenter.swift; sourceTree = "<group>"; };
		0C34CB5D2938BDC500DC3604 /* PeoplesInteractor.swift */ = {isa = PBXFileReference; lastKnownFileType = sourcecode.swift; path = PeoplesInteractor.swift; sourceTree = "<group>"; };
		0C34CB5F2938BDD500DC3604 /* PeoplesService.swift */ = {isa = PBXFileReference; lastKnownFileType = sourcecode.swift; path = PeoplesService.swift; sourceTree = "<group>"; };
		0C34CB612938BDE000DC3604 /* PeoplesCoordinator.swift */ = {isa = PBXFileReference; lastKnownFileType = sourcecode.swift; path = PeoplesCoordinator.swift; sourceTree = "<group>"; };
		0C34CB632938BDEC00DC3604 /* PeoplesViewController.xib */ = {isa = PBXFileReference; lastKnownFileType = file.xib; path = PeoplesViewController.xib; sourceTree = "<group>"; };
		0C34CB652938BDF800DC3604 /* PeoplesContract.swift */ = {isa = PBXFileReference; lastKnownFileType = sourcecode.swift; path = PeoplesContract.swift; sourceTree = "<group>"; };
		0C34CB6C2938BE4200DC3604 /* Peoples.swift */ = {isa = PBXFileReference; lastKnownFileType = sourcecode.swift; path = Peoples.swift; sourceTree = "<group>"; };
		0C34CB6E2938BE6E00DC3604 /* PeoplesResponse.swift */ = {isa = PBXFileReference; lastKnownFileType = sourcecode.swift; path = PeoplesResponse.swift; sourceTree = "<group>"; };
		0C34CB702938BF6B00DC3604 /* PeoplesServiceContract.swift */ = {isa = PBXFileReference; lastKnownFileType = sourcecode.swift; path = PeoplesServiceContract.swift; sourceTree = "<group>"; };
		0C34CB722938BFC600DC3604 /* PeoplesApi.swift */ = {isa = PBXFileReference; lastKnownFileType = sourcecode.swift; path = PeoplesApi.swift; sourceTree = "<group>"; };
		0C34CB752938C09500DC3604 /* PeoplesResponseApi.swift */ = {isa = PBXFileReference; lastKnownFileType = sourcecode.swift; path = PeoplesResponseApi.swift; sourceTree = "<group>"; };
		0C34CB772938C27B00DC3604 /* CustomErrorProtocol.swift */ = {isa = PBXFileReference; lastKnownFileType = sourcecode.swift; path = CustomErrorProtocol.swift; sourceTree = "<group>"; };
		0C34CB792938C28300DC3604 /* CustomAlert.swift */ = {isa = PBXFileReference; lastKnownFileType = sourcecode.swift; path = CustomAlert.swift; sourceTree = "<group>"; };
		0C34CB7B2938C35800DC3604 /* PeoplesServiceApi.swift */ = {isa = PBXFileReference; lastKnownFileType = sourcecode.swift; path = PeoplesServiceApi.swift; sourceTree = "<group>"; };
		0C34CB7F2938C8C400DC3604 /* CustomCellsPeoples.swift */ = {isa = PBXFileReference; lastKnownFileType = sourcecode.swift; path = CustomCellsPeoples.swift; sourceTree = "<group>"; };
		0C34CB812938C8CE00DC3604 /* CellsPeoples.xib */ = {isa = PBXFileReference; lastKnownFileType = file.xib; path = CellsPeoples.xib; sourceTree = "<group>"; };
		0C34CB852938D77B00DC3604 /* FilmsContract.swift */ = {isa = PBXFileReference; lastKnownFileType = sourcecode.swift; path = FilmsContract.swift; sourceTree = "<group>"; };
		0C34CB872938D78700DC3604 /* FilmsViewController.swift */ = {isa = PBXFileReference; lastKnownFileType = sourcecode.swift; path = FilmsViewController.swift; sourceTree = "<group>"; };
		0C34CB892938D79A00DC3604 /* FilmsPresenter.swift */ = {isa = PBXFileReference; lastKnownFileType = sourcecode.swift; path = FilmsPresenter.swift; sourceTree = "<group>"; };
		0C34CB8B2938D7A500DC3604 /* FilmsInteractor.swift */ = {isa = PBXFileReference; lastKnownFileType = sourcecode.swift; path = FilmsInteractor.swift; sourceTree = "<group>"; };
		0C34CB8D2938D7AE00DC3604 /* FilmsService.swift */ = {isa = PBXFileReference; lastKnownFileType = sourcecode.swift; path = FilmsService.swift; sourceTree = "<group>"; };
		0C34CB8F2938D7BC00DC3604 /* FilmsCoordinator.swift */ = {isa = PBXFileReference; lastKnownFileType = sourcecode.swift; path = FilmsCoordinator.swift; sourceTree = "<group>"; };
		0C34CB932938D7D800DC3604 /* FilmsViewController.xib */ = {isa = PBXFileReference; lastKnownFileType = file.xib; path = FilmsViewController.xib; sourceTree = "<group>"; };
		0C34CB952938D84D00DC3604 /* Films.swift */ = {isa = PBXFileReference; lastKnownFileType = sourcecode.swift; path = Films.swift; sourceTree = "<group>"; };
		0C34CB992938D90600DC3604 /* FilmsResponse.swift */ = {isa = PBXFileReference; lastKnownFileType = sourcecode.swift; path = FilmsResponse.swift; sourceTree = "<group>"; };
		0C34CB9B2938D97700DC3604 /* FilmsServiceContract.swift */ = {isa = PBXFileReference; lastKnownFileType = sourcecode.swift; path = FilmsServiceContract.swift; sourceTree = "<group>"; };
		0C34CB9D2938D9B300DC3604 /* FilmsApi.swift */ = {isa = PBXFileReference; lastKnownFileType = sourcecode.swift; path = FilmsApi.swift; sourceTree = "<group>"; };
		0C34CB9F2938DAF000DC3604 /* FilmsServiceApi.swift */ = {isa = PBXFileReference; lastKnownFileType = sourcecode.swift; path = FilmsServiceApi.swift; sourceTree = "<group>"; };
		0C34CBA12938DB0A00DC3604 /* FilmsResponseApi.swift */ = {isa = PBXFileReference; lastKnownFileType = sourcecode.swift; path = FilmsResponseApi.swift; sourceTree = "<group>"; };
		0C34CBA32938F66D00DC3604 /* CustomCellsFilms.swift */ = {isa = PBXFileReference; lastKnownFileType = sourcecode.swift; path = CustomCellsFilms.swift; sourceTree = "<group>"; };
		0C34CBA52938F67B00DC3604 /* CellsFilms.xib */ = {isa = PBXFileReference; lastKnownFileType = file.xib; path = CellsFilms.xib; sourceTree = "<group>"; };
		0C34CBA929390B6E00DC3604 /* CallsConstants.swift */ = {isa = PBXFileReference; lastKnownFileType = sourcecode.swift; path = CallsConstants.swift; sourceTree = "<group>"; };
		0C34CBB029390CF100DC3604 /* TestConstants.swift */ = {isa = PBXFileReference; lastKnownFileType = sourcecode.swift; path = TestConstants.swift; sourceTree = "<group>"; };
		0C34CBB229390D9400DC3604 /* PeoplesViewControllerTests.swift */ = {isa = PBXFileReference; lastKnownFileType = sourcecode.swift; path = PeoplesViewControllerTests.swift; sourceTree = "<group>"; };
		0C34CBB429390DD200DC3604 /* PeoplesViewMock.swift */ = {isa = PBXFileReference; lastKnownFileType = sourcecode.swift; path = PeoplesViewMock.swift; sourceTree = "<group>"; };
		0C34CBB629390DE800DC3604 /* PeoplesPresenterMock.swift */ = {isa = PBXFileReference; lastKnownFileType = sourcecode.swift; path = PeoplesPresenterMock.swift; sourceTree = "<group>"; };
		0C34CBB829390F6E00DC3604 /* PeoplesApiMock.swift */ = {isa = PBXFileReference; lastKnownFileType = sourcecode.swift; path = PeoplesApiMock.swift; sourceTree = "<group>"; };
		0C34CBBA2939184A00DC3604 /* PeoplesPresenterTests.swift */ = {isa = PBXFileReference; lastKnownFileType = sourcecode.swift; path = PeoplesPresenterTests.swift; sourceTree = "<group>"; };
		0C34CBBC293918D900DC3604 /* PeoplesInteractorMock.swift */ = {isa = PBXFileReference; lastKnownFileType = sourcecode.swift; path = PeoplesInteractorMock.swift; sourceTree = "<group>"; };
		0C34CBBE2939196900DC3604 /* PeoplesResponseApiMock.swift */ = {isa = PBXFileReference; lastKnownFileType = sourcecode.swift; path = PeoplesResponseApiMock.swift; sourceTree = "<group>"; };
		0C34CBC029391C5900DC3604 /* PeoplesInteractorTests.swift */ = {isa = PBXFileReference; lastKnownFileType = sourcecode.swift; path = PeoplesInteractorTests.swift; sourceTree = "<group>"; };
		0C34CBC229391CFF00DC3604 /* PeoplesServiceMock.swift */ = {isa = PBXFileReference; lastKnownFileType = sourcecode.swift; path = PeoplesServiceMock.swift; sourceTree = "<group>"; };
		0C34CBC429391D8600DC3604 /* PeoplesServiceApiMock.swift */ = {isa = PBXFileReference; lastKnownFileType = sourcecode.swift; path = PeoplesServiceApiMock.swift; sourceTree = "<group>"; };
		0C34CBC629391FFE00DC3604 /* PeoplesServiceApiTests.swift */ = {isa = PBXFileReference; lastKnownFileType = sourcecode.swift; path = PeoplesServiceApiTests.swift; sourceTree = "<group>"; };
		0C34CBC82939212500DC3604 /* ApiManagerMock.swift */ = {isa = PBXFileReference; lastKnownFileType = sourcecode.swift; path = ApiManagerMock.swift; sourceTree = "<group>"; };
/* End PBXFileReference section */

/* Begin PBXFrameworksBuildPhase section */
		0C34CB0C2938BB9800DC3604 /* Frameworks */ = {
			isa = PBXFrameworksBuildPhase;
			buildActionMask = 2147483647;
			files = (
			);
			runOnlyForDeploymentPostprocessing = 0;
		};
		0C34CB222938BB9900DC3604 /* Frameworks */ = {
			isa = PBXFrameworksBuildPhase;
			buildActionMask = 2147483647;
			files = (
			);
			runOnlyForDeploymentPostprocessing = 0;
		};
/* End PBXFrameworksBuildPhase section */

/* Begin PBXGroup section */
		0C34CB062938BB9800DC3604 = {
			isa = PBXGroup;
			children = (
				0C34CB112938BB9800DC3604 /* StartWarsPeople */,
				0C34CB282938BB9900DC3604 /* StartWarsPeopleTests */,
				0C34CB102938BB9800DC3604 /* Products */,
			);
			sourceTree = "<group>";
		};
		0C34CB102938BB9800DC3604 /* Products */ = {
			isa = PBXGroup;
			children = (
				0C34CB0F2938BB9800DC3604 /* StartWarsPeople.app */,
				0C34CB252938BB9900DC3604 /* StartWarsPeopleTests.xctest */,
			);
			name = Products;
			sourceTree = "<group>";
		};
		0C34CB112938BB9800DC3604 /* StartWarsPeople */ = {
			isa = PBXGroup;
			children = (
				0C34CB432938BCF000DC3604 /* Class */,
				0C34CB422938BC1F00DC3604 /* App */,
				0C34CB1B2938BB9800DC3604 /* Assets.xcassets */,
				0C34CB1D2938BB9800DC3604 /* LaunchScreen.storyboard */,
				0C34CB202938BB9800DC3604 /* Info.plist */,
			);
			path = StartWarsPeople;
			sourceTree = "<group>";
		};
		0C34CB282938BB9900DC3604 /* StartWarsPeopleTests */ = {
			isa = PBXGroup;
			children = (
				0C34CBAF29390CA700DC3604 /* Api */,
				0C34CBAE29390C9D00DC3604 /* Mocks */,
				0C34CBAD29390C9600DC3604 /* TestsPeople */,
				0C34CBB029390CF100DC3604 /* TestConstants.swift */,
			);
			path = StartWarsPeopleTests;
			sourceTree = "<group>";
		};
		0C34CB422938BC1F00DC3604 /* App */ = {
			isa = PBXGroup;
			children = (
				0C34CB4A2938BD1D00DC3604 /* Coordinator */,
				0C34CB142938BB9800DC3604 /* SceneDelegate.swift */,
				0C34CB122938BB9800DC3604 /* AppDelegate.swift */,
			);
			path = App;
			sourceTree = "<group>";
		};
		0C34CB432938BCF000DC3604 /* Class */ = {
			isa = PBXGroup;
			children = (
				0C34CB492938BD1300DC3604 /* Domain */,
				0C34CB482938BD0D00DC3604 /* Api */,
				0C34CB472938BD0700DC3604 /* Screen */,
				0C34CB462938BD0100DC3604 /* Constants */,
				0C34CB452938BCFD00DC3604 /* Bases */,
				0C34CB442938BCF800DC3604 /* Manager */,
			);
			path = Class;
			sourceTree = "<group>";
		};
		0C34CB442938BCF800DC3604 /* Manager */ = {
			isa = PBXGroup;
			children = (
				0C34CB4F2938BD4600DC3604 /* ApiManager.swift */,
				0C34CB512938BD5000DC3604 /* StorageManager.swift */,
			);
			path = Manager;
			sourceTree = "<group>";
		};
		0C34CB452938BCFD00DC3604 /* Bases */ = {
			isa = PBXGroup;
			children = (
				0C34CB532938BD6A00DC3604 /* BaseProtocol.swift */,
				0C34CB772938C27B00DC3604 /* CustomErrorProtocol.swift */,
				0C34CB792938C28300DC3604 /* CustomAlert.swift */,
			);
			path = Bases;
			sourceTree = "<group>";
		};
		0C34CB462938BD0100DC3604 /* Constants */ = {
			isa = PBXGroup;
			children = (
				0C34CBA929390B6E00DC3604 /* CallsConstants.swift */,
			);
			path = Constants;
			sourceTree = "<group>";
		};
		0C34CB472938BD0700DC3604 /* Screen */ = {
			isa = PBXGroup;
			children = (
				0C34CB832938D75700DC3604 /* Films */,
				0C34CB572938BD8D00DC3604 /* Peoples */,
			);
			path = Screen;
			sourceTree = "<group>";
		};
		0C34CB482938BD0D00DC3604 /* Api */ = {
			isa = PBXGroup;
			children = (
				0C34CB682938BE0900DC3604 /* Service */,
				0C34CB672938BE0300DC3604 /* Model */,
			);
			path = Api;
			sourceTree = "<group>";
		};
		0C34CB492938BD1300DC3604 /* Domain */ = {
			isa = PBXGroup;
			children = (
				0C34CB6A2938BE1700DC3604 /* Service */,
				0C34CB692938BE1300DC3604 /* Model */,
			);
			path = Domain;
			sourceTree = "<group>";
		};
		0C34CB4A2938BD1D00DC3604 /* Coordinator */ = {
			isa = PBXGroup;
			children = (
				0C34CB4B2938BD2900DC3604 /* AppCoordinator.swift */,
				0C34CB4D2938BD3000DC3604 /* Coordinator.swift */,
			);
			path = Coordinator;
			sourceTree = "<group>";
		};
		0C34CB572938BD8D00DC3604 /* Peoples */ = {
			isa = PBXGroup;
			children = (
				0C34CB582938BD9900DC3604 /* CellsPeoples */,
				0C34CB592938BDA800DC3604 /* PeoplesViewController.swift */,
				0C34CB5B2938BDB000DC3604 /* PeoplesPresenter.swift */,
				0C34CB5D2938BDC500DC3604 /* PeoplesInteractor.swift */,
				0C34CB5F2938BDD500DC3604 /* PeoplesService.swift */,
				0C34CB612938BDE000DC3604 /* PeoplesCoordinator.swift */,
				0C34CB632938BDEC00DC3604 /* PeoplesViewController.xib */,
				0C34CB652938BDF800DC3604 /* PeoplesContract.swift */,
			);
			path = Peoples;
			sourceTree = "<group>";
		};
		0C34CB582938BD9900DC3604 /* CellsPeoples */ = {
			isa = PBXGroup;
			children = (
				0C34CB7F2938C8C400DC3604 /* CustomCellsPeoples.swift */,
				0C34CB812938C8CE00DC3604 /* CellsPeoples.xib */,
			);
			path = CellsPeoples;
			sourceTree = "<group>";
		};
		0C34CB672938BE0300DC3604 /* Model */ = {
			isa = PBXGroup;
			children = (
				0C34CB742938C08200DC3604 /* ResponseApi */,
				0C34CB722938BFC600DC3604 /* PeoplesApi.swift */,
				0C34CB9D2938D9B300DC3604 /* FilmsApi.swift */,
			);
			path = Model;
			sourceTree = "<group>";
		};
		0C34CB682938BE0900DC3604 /* Service */ = {
			isa = PBXGroup;
			children = (
				0C34CB7B2938C35800DC3604 /* PeoplesServiceApi.swift */,
				0C34CB9F2938DAF000DC3604 /* FilmsServiceApi.swift */,
			);
			path = Service;
			sourceTree = "<group>";
		};
		0C34CB692938BE1300DC3604 /* Model */ = {
			isa = PBXGroup;
			children = (
				0C34CB6B2938BE2900DC3604 /* Response */,
				0C34CB6C2938BE4200DC3604 /* Peoples.swift */,
				0C34CB952938D84D00DC3604 /* Films.swift */,
			);
			path = Model;
			sourceTree = "<group>";
		};
		0C34CB6A2938BE1700DC3604 /* Service */ = {
			isa = PBXGroup;
			children = (
				0C34CB702938BF6B00DC3604 /* PeoplesServiceContract.swift */,
				0C34CB9B2938D97700DC3604 /* FilmsServiceContract.swift */,
			);
			path = Service;
			sourceTree = "<group>";
		};
		0C34CB6B2938BE2900DC3604 /* Response */ = {
			isa = PBXGroup;
			children = (
				0C34CB6E2938BE6E00DC3604 /* PeoplesResponse.swift */,
				0C34CB992938D90600DC3604 /* FilmsResponse.swift */,
			);
			path = Response;
			sourceTree = "<group>";
		};
		0C34CB742938C08200DC3604 /* ResponseApi */ = {
			isa = PBXGroup;
			children = (
				0C34CB752938C09500DC3604 /* PeoplesResponseApi.swift */,
				0C34CBA12938DB0A00DC3604 /* FilmsResponseApi.swift */,
			);
			path = ResponseApi;
			sourceTree = "<group>";
		};
		0C34CB832938D75700DC3604 /* Films */ = {
			isa = PBXGroup;
			children = (
				0C34CB842938D76700DC3604 /* CellsFilms */,
				0C34CB852938D77B00DC3604 /* FilmsContract.swift */,
				0C34CB872938D78700DC3604 /* FilmsViewController.swift */,
				0C34CB892938D79A00DC3604 /* FilmsPresenter.swift */,
				0C34CB8B2938D7A500DC3604 /* FilmsInteractor.swift */,
				0C34CB8D2938D7AE00DC3604 /* FilmsService.swift */,
				0C34CB8F2938D7BC00DC3604 /* FilmsCoordinator.swift */,
				0C34CB932938D7D800DC3604 /* FilmsViewController.xib */,
			);
			path = Films;
			sourceTree = "<group>";
		};
		0C34CB842938D76700DC3604 /* CellsFilms */ = {
			isa = PBXGroup;
			children = (
				0C34CBA32938F66D00DC3604 /* CustomCellsFilms.swift */,
				0C34CBA52938F67B00DC3604 /* CellsFilms.xib */,
			);
			path = CellsFilms;
			sourceTree = "<group>";
		};
		0C34CBAD29390C9600DC3604 /* TestsPeople */ = {
			isa = PBXGroup;
			children = (
				0C34CBB229390D9400DC3604 /* PeoplesViewControllerTests.swift */,
				0C34CBBA2939184A00DC3604 /* PeoplesPresenterTests.swift */,
				0C34CBC029391C5900DC3604 /* PeoplesInteractorTests.swift */,
				0C34CBC629391FFE00DC3604 /* PeoplesServiceApiTests.swift */,
			);
			path = TestsPeople;
			sourceTree = "<group>";
		};
		0C34CBAE29390C9D00DC3604 /* Mocks */ = {
			isa = PBXGroup;
			children = (
				0C34CBB429390DD200DC3604 /* PeoplesViewMock.swift */,
				0C34CBB629390DE800DC3604 /* PeoplesPresenterMock.swift */,
				0C34CBBC293918D900DC3604 /* PeoplesInteractorMock.swift */,
				0C34CBC229391CFF00DC3604 /* PeoplesServiceMock.swift */,
				0C34CBC429391D8600DC3604 /* PeoplesServiceApiMock.swift */,
				0C34CBC82939212500DC3604 /* ApiManagerMock.swift */,
			);
			path = Mocks;
			sourceTree = "<group>";
		};
		0C34CBAF29390CA700DC3604 /* Api */ = {
			isa = PBXGroup;
			children = (
				0C34CBB829390F6E00DC3604 /* PeoplesApiMock.swift */,
				0C34CBBE2939196900DC3604 /* PeoplesResponseApiMock.swift */,
			);
			path = Api;
			sourceTree = "<group>";
		};
/* End PBXGroup section */

/* Begin PBXNativeTarget section */
		0C34CB0E2938BB9800DC3604 /* StartWarsPeople */ = {
			isa = PBXNativeTarget;
			buildConfigurationList = 0C34CB392938BB9900DC3604 /* Build configuration list for PBXNativeTarget "StartWarsPeople" */;
			buildPhases = (
				0C34CB0B2938BB9800DC3604 /* Sources */,
				0C34CB0C2938BB9800DC3604 /* Frameworks */,
				0C34CB0D2938BB9800DC3604 /* Resources */,
			);
			buildRules = (
			);
			dependencies = (
			);
			name = StartWarsPeople;
			productName = StartWarsPeople;
			productReference = 0C34CB0F2938BB9800DC3604 /* StartWarsPeople.app */;
			productType = "com.apple.product-type.application";
		};
		0C34CB242938BB9900DC3604 /* StartWarsPeopleTests */ = {
			isa = PBXNativeTarget;
			buildConfigurationList = 0C34CB3C2938BB9900DC3604 /* Build configuration list for PBXNativeTarget "StartWarsPeopleTests" */;
			buildPhases = (
				0C34CB212938BB9900DC3604 /* Sources */,
				0C34CB222938BB9900DC3604 /* Frameworks */,
				0C34CB232938BB9900DC3604 /* Resources */,
			);
			buildRules = (
			);
			dependencies = (
				0C34CB272938BB9900DC3604 /* PBXTargetDependency */,
			);
			name = StartWarsPeopleTests;
			productName = StartWarsPeopleTests;
			productReference = 0C34CB252938BB9900DC3604 /* StartWarsPeopleTests.xctest */;
			productType = "com.apple.product-type.bundle.unit-test";
		};
/* End PBXNativeTarget section */

/* Begin PBXProject section */
		0C34CB072938BB9800DC3604 /* Project object */ = {
			isa = PBXProject;
			attributes = {
				BuildIndependentTargetsInParallel = 1;
				LastSwiftUpdateCheck = 1410;
				LastUpgradeCheck = 1410;
				TargetAttributes = {
					0C34CB0E2938BB9800DC3604 = {
						CreatedOnToolsVersion = 14.1;
					};
					0C34CB242938BB9900DC3604 = {
						CreatedOnToolsVersion = 14.1;
						LastSwiftMigration = 1410;
						TestTargetID = 0C34CB0E2938BB9800DC3604;
					};
				};
			};
			buildConfigurationList = 0C34CB0A2938BB9800DC3604 /* Build configuration list for PBXProject "StartWarsPeople" */;
			compatibilityVersion = "Xcode 14.0";
			developmentRegion = en;
			hasScannedForEncodings = 0;
			knownRegions = (
				en,
				Base,
			);
			mainGroup = 0C34CB062938BB9800DC3604;
			productRefGroup = 0C34CB102938BB9800DC3604 /* Products */;
			projectDirPath = "";
			projectRoot = "";
			targets = (
				0C34CB0E2938BB9800DC3604 /* StartWarsPeople */,
				0C34CB242938BB9900DC3604 /* StartWarsPeopleTests */,
			);
		};
/* End PBXProject section */

/* Begin PBXResourcesBuildPhase section */
		0C34CB0D2938BB9800DC3604 /* Resources */ = {
			isa = PBXResourcesBuildPhase;
			buildActionMask = 2147483647;
			files = (
				0C34CB942938D7D800DC3604 /* FilmsViewController.xib in Resources */,
				0C34CB822938C8CE00DC3604 /* CellsPeoples.xib in Resources */,
				0C34CB642938BDEC00DC3604 /* PeoplesViewController.xib in Resources */,
				0C34CBA62938F67B00DC3604 /* CellsFilms.xib in Resources */,
				0C34CB1F2938BB9800DC3604 /* LaunchScreen.storyboard in Resources */,
				0C34CB1C2938BB9800DC3604 /* Assets.xcassets in Resources */,
			);
			runOnlyForDeploymentPostprocessing = 0;
		};
		0C34CB232938BB9900DC3604 /* Resources */ = {
			isa = PBXResourcesBuildPhase;
			buildActionMask = 2147483647;
			files = (
			);
			runOnlyForDeploymentPostprocessing = 0;
		};
/* End PBXResourcesBuildPhase section */

/* Begin PBXSourcesBuildPhase section */
		0C34CB0B2938BB9800DC3604 /* Sources */ = {
			isa = PBXSourcesBuildPhase;
			buildActionMask = 2147483647;
			files = (
				0C34CBA02938DAF000DC3604 /* FilmsServiceApi.swift in Sources */,
				0C34CB4E2938BD3000DC3604 /* Coordinator.swift in Sources */,
				0C34CB962938D84D00DC3604 /* Films.swift in Sources */,
				0C34CB4C2938BD2900DC3604 /* AppCoordinator.swift in Sources */,
				0C34CB882938D78700DC3604 /* FilmsViewController.swift in Sources */,
				0C34CB762938C09500DC3604 /* PeoplesResponseApi.swift in Sources */,
				0C34CBA42938F66D00DC3604 /* CustomCellsFilms.swift in Sources */,
				0C34CB502938BD4600DC3604 /* ApiManager.swift in Sources */,
				0C34CB9A2938D90600DC3604 /* FilmsResponse.swift in Sources */,
				0C34CB522938BD5000DC3604 /* StorageManager.swift in Sources */,
				0C34CB7A2938C28300DC3604 /* CustomAlert.swift in Sources */,
				0C34CB5C2938BDB000DC3604 /* PeoplesPresenter.swift in Sources */,
				0C34CB5A2938BDA800DC3604 /* PeoplesViewController.swift in Sources */,
				0C34CB9E2938D9B300DC3604 /* FilmsApi.swift in Sources */,
				0C34CB6F2938BE6E00DC3604 /* PeoplesResponse.swift in Sources */,
				0C34CB132938BB9800DC3604 /* AppDelegate.swift in Sources */,
				0C34CB662938BDF800DC3604 /* PeoplesContract.swift in Sources */,
				0C34CB8C2938D7A500DC3604 /* FilmsInteractor.swift in Sources */,
				0C34CB622938BDE000DC3604 /* PeoplesCoordinator.swift in Sources */,
				0C34CBAA29390B6E00DC3604 /* CallsConstants.swift in Sources */,
				0C34CB902938D7BC00DC3604 /* FilmsCoordinator.swift in Sources */,
				0C34CB712938BF6B00DC3604 /* PeoplesServiceContract.swift in Sources */,
				0C34CB602938BDD500DC3604 /* PeoplesService.swift in Sources */,
				0C34CB862938D77B00DC3604 /* FilmsContract.swift in Sources */,
				0C34CB732938BFC600DC3604 /* PeoplesApi.swift in Sources */,
				0C34CB782938C27B00DC3604 /* CustomErrorProtocol.swift in Sources */,
				0C34CB5E2938BDC500DC3604 /* PeoplesInteractor.swift in Sources */,
				0C34CBA22938DB0A00DC3604 /* FilmsResponseApi.swift in Sources */,
				0C34CB8E2938D7AE00DC3604 /* FilmsService.swift in Sources */,
				0C34CB152938BB9800DC3604 /* SceneDelegate.swift in Sources */,
				0C34CB802938C8C400DC3604 /* CustomCellsPeoples.swift in Sources */,
				0C34CB7C2938C35800DC3604 /* PeoplesServiceApi.swift in Sources */,
				0C34CB6D2938BE4200DC3604 /* Peoples.swift in Sources */,
				0C34CB8A2938D79A00DC3604 /* FilmsPresenter.swift in Sources */,
				0C34CB542938BD6A00DC3604 /* BaseProtocol.swift in Sources */,
				0C34CB9C2938D97700DC3604 /* FilmsServiceContract.swift in Sources */,
			);
			runOnlyForDeploymentPostprocessing = 0;
		};
		0C34CB212938BB9900DC3604 /* Sources */ = {
			isa = PBXSourcesBuildPhase;
			buildActionMask = 2147483647;
			files = (
				0C34CBC129391C5900DC3604 /* PeoplesInteractorTests.swift in Sources */,
				0C34CBC92939212500DC3604 /* ApiManagerMock.swift in Sources */,
				0C34CBBD293918D900DC3604 /* PeoplesInteractorMock.swift in Sources */,
				0C34CBB529390DD200DC3604 /* PeoplesViewMock.swift in Sources */,
				0C34CBC529391D8600DC3604 /* PeoplesServiceApiMock.swift in Sources */,
				0C34CBBF2939196900DC3604 /* PeoplesResponseApiMock.swift in Sources */,
				0C34CBB929390F6E00DC3604 /* PeoplesApiMock.swift in Sources */,
				0C34CBB329390D9400DC3604 /* PeoplesViewControllerTests.swift in Sources */,
				0C34CBB129390CF100DC3604 /* TestConstants.swift in Sources */,
				0C34CBB729390DE800DC3604 /* PeoplesPresenterMock.swift in Sources */,
				0C34CBC729391FFE00DC3604 /* PeoplesServiceApiTests.swift in Sources */,
				0C34CBC329391CFF00DC3604 /* PeoplesServiceMock.swift in Sources */,
				0C34CBBB2939184A00DC3604 /* PeoplesPresenterTests.swift in Sources */,
			);
			runOnlyForDeploymentPostprocessing = 0;
		};
/* End PBXSourcesBuildPhase section */

/* Begin PBXTargetDependency section */
		0C34CB272938BB9900DC3604 /* PBXTargetDependency */ = {
			isa = PBXTargetDependency;
			target = 0C34CB0E2938BB9800DC3604 /* StartWarsPeople */;
			targetProxy = 0C34CB262938BB9900DC3604 /* PBXContainerItemProxy */;
		};
/* End PBXTargetDependency section */

/* Begin PBXVariantGroup section */
		0C34CB1D2938BB9800DC3604 /* LaunchScreen.storyboard */ = {
			isa = PBXVariantGroup;
			children = (
				0C34CB1E2938BB9800DC3604 /* Base */,
			);
			name = LaunchScreen.storyboard;
			sourceTree = "<group>";
		};
/* End PBXVariantGroup section */

/* Begin XCBuildConfiguration section */
		0C34CB372938BB9900DC3604 /* Debug */ = {
			isa = XCBuildConfiguration;
			buildSettings = {
				ALWAYS_SEARCH_USER_PATHS = NO;
				CLANG_ANALYZER_NONNULL = YES;
				CLANG_ANALYZER_NUMBER_OBJECT_CONVERSION = YES_AGGRESSIVE;
				CLANG_CXX_LANGUAGE_STANDARD = "gnu++20";
				CLANG_ENABLE_MODULES = YES;
				CLANG_ENABLE_OBJC_ARC = YES;
				CLANG_ENABLE_OBJC_WEAK = YES;
				CLANG_WARN_BLOCK_CAPTURE_AUTORELEASING = YES;
				CLANG_WARN_BOOL_CONVERSION = YES;
				CLANG_WARN_COMMA = YES;
				CLANG_WARN_CONSTANT_CONVERSION = YES;
				CLANG_WARN_DEPRECATED_OBJC_IMPLEMENTATIONS = YES;
				CLANG_WARN_DIRECT_OBJC_ISA_USAGE = YES_ERROR;
				CLANG_WARN_DOCUMENTATION_COMMENTS = YES;
				CLANG_WARN_EMPTY_BODY = YES;
				CLANG_WARN_ENUM_CONVERSION = YES;
				CLANG_WARN_INFINITE_RECURSION = YES;
				CLANG_WARN_INT_CONVERSION = YES;
				CLANG_WARN_NON_LITERAL_NULL_CONVERSION = YES;
				CLANG_WARN_OBJC_IMPLICIT_RETAIN_SELF = YES;
				CLANG_WARN_OBJC_LITERAL_CONVERSION = YES;
				CLANG_WARN_OBJC_ROOT_CLASS = YES_ERROR;
				CLANG_WARN_QUOTED_INCLUDE_IN_FRAMEWORK_HEADER = YES;
				CLANG_WARN_RANGE_LOOP_ANALYSIS = YES;
				CLANG_WARN_STRICT_PROTOTYPES = YES;
				CLANG_WARN_SUSPICIOUS_MOVE = YES;
				CLANG_WARN_UNGUARDED_AVAILABILITY = YES_AGGRESSIVE;
				CLANG_WARN_UNREACHABLE_CODE = YES;
				CLANG_WARN__DUPLICATE_METHOD_MATCH = YES;
				COPY_PHASE_STRIP = NO;
				DEBUG_INFORMATION_FORMAT = dwarf;
				ENABLE_STRICT_OBJC_MSGSEND = YES;
				ENABLE_TESTABILITY = YES;
				GCC_C_LANGUAGE_STANDARD = gnu11;
				GCC_DYNAMIC_NO_PIC = NO;
				GCC_NO_COMMON_BLOCKS = YES;
				GCC_OPTIMIZATION_LEVEL = 0;
				GCC_PREPROCESSOR_DEFINITIONS = (
					"DEBUG=1",
					"$(inherited)",
				);
				GCC_WARN_64_TO_32_BIT_CONVERSION = YES;
				GCC_WARN_ABOUT_RETURN_TYPE = YES_ERROR;
				GCC_WARN_UNDECLARED_SELECTOR = YES;
				GCC_WARN_UNINITIALIZED_AUTOS = YES_AGGRESSIVE;
				GCC_WARN_UNUSED_FUNCTION = YES;
				GCC_WARN_UNUSED_VARIABLE = YES;
				IPHONEOS_DEPLOYMENT_TARGET = 16.1;
				MTL_ENABLE_DEBUG_INFO = INCLUDE_SOURCE;
				MTL_FAST_MATH = YES;
				ONLY_ACTIVE_ARCH = YES;
				SDKROOT = iphoneos;
				SWIFT_ACTIVE_COMPILATION_CONDITIONS = DEBUG;
				SWIFT_OPTIMIZATION_LEVEL = "-Onone";
			};
			name = Debug;
		};
		0C34CB382938BB9900DC3604 /* Release */ = {
			isa = XCBuildConfiguration;
			buildSettings = {
				ALWAYS_SEARCH_USER_PATHS = NO;
				CLANG_ANALYZER_NONNULL = YES;
				CLANG_ANALYZER_NUMBER_OBJECT_CONVERSION = YES_AGGRESSIVE;
				CLANG_CXX_LANGUAGE_STANDARD = "gnu++20";
				CLANG_ENABLE_MODULES = YES;
				CLANG_ENABLE_OBJC_ARC = YES;
				CLANG_ENABLE_OBJC_WEAK = YES;
				CLANG_WARN_BLOCK_CAPTURE_AUTORELEASING = YES;
				CLANG_WARN_BOOL_CONVERSION = YES;
				CLANG_WARN_COMMA = YES;
				CLANG_WARN_CONSTANT_CONVERSION = YES;
				CLANG_WARN_DEPRECATED_OBJC_IMPLEMENTATIONS = YES;
				CLANG_WARN_DIRECT_OBJC_ISA_USAGE = YES_ERROR;
				CLANG_WARN_DOCUMENTATION_COMMENTS = YES;
				CLANG_WARN_EMPTY_BODY = YES;
				CLANG_WARN_ENUM_CONVERSION = YES;
				CLANG_WARN_INFINITE_RECURSION = YES;
				CLANG_WARN_INT_CONVERSION = YES;
				CLANG_WARN_NON_LITERAL_NULL_CONVERSION = YES;
				CLANG_WARN_OBJC_IMPLICIT_RETAIN_SELF = YES;
				CLANG_WARN_OBJC_LITERAL_CONVERSION = YES;
				CLANG_WARN_OBJC_ROOT_CLASS = YES_ERROR;
				CLANG_WARN_QUOTED_INCLUDE_IN_FRAMEWORK_HEADER = YES;
				CLANG_WARN_RANGE_LOOP_ANALYSIS = YES;
				CLANG_WARN_STRICT_PROTOTYPES = YES;
				CLANG_WARN_SUSPICIOUS_MOVE = YES;
				CLANG_WARN_UNGUARDED_AVAILABILITY = YES_AGGRESSIVE;
				CLANG_WARN_UNREACHABLE_CODE = YES;
				CLANG_WARN__DUPLICATE_METHOD_MATCH = YES;
				COPY_PHASE_STRIP = NO;
				DEBUG_INFORMATION_FORMAT = "dwarf-with-dsym";
				ENABLE_NS_ASSERTIONS = NO;
				ENABLE_STRICT_OBJC_MSGSEND = YES;
				GCC_C_LANGUAGE_STANDARD = gnu11;
				GCC_NO_COMMON_BLOCKS = YES;
				GCC_WARN_64_TO_32_BIT_CONVERSION = YES;
				GCC_WARN_ABOUT_RETURN_TYPE = YES_ERROR;
				GCC_WARN_UNDECLARED_SELECTOR = YES;
				GCC_WARN_UNINITIALIZED_AUTOS = YES_AGGRESSIVE;
				GCC_WARN_UNUSED_FUNCTION = YES;
				GCC_WARN_UNUSED_VARIABLE = YES;
				IPHONEOS_DEPLOYMENT_TARGET = 16.1;
				MTL_ENABLE_DEBUG_INFO = NO;
				MTL_FAST_MATH = YES;
				SDKROOT = iphoneos;
				SWIFT_COMPILATION_MODE = wholemodule;
				SWIFT_OPTIMIZATION_LEVEL = "-O";
				VALIDATE_PRODUCT = YES;
			};
			name = Release;
		};
		0C34CB3A2938BB9900DC3604 /* Debug */ = {
			isa = XCBuildConfiguration;
			buildSettings = {
				ASSETCATALOG_COMPILER_APPICON_NAME = AppIcon;
				ASSETCATALOG_COMPILER_GLOBAL_ACCENT_COLOR_NAME = AccentColor;
				CODE_SIGN_STYLE = Automatic;
				CURRENT_PROJECT_VERSION = 1;
				DEVELOPMENT_TEAM = MD4HG8MA4H;
				GENERATE_INFOPLIST_FILE = YES;
				INFOPLIST_FILE = StartWarsPeople/Info.plist;
				INFOPLIST_KEY_UIApplicationSupportsIndirectInputEvents = YES;
				INFOPLIST_KEY_UILaunchStoryboardName = LaunchScreen;
				INFOPLIST_KEY_UISupportedInterfaceOrientations_iPad = "UIInterfaceOrientationPortrait UIInterfaceOrientationPortraitUpsideDown UIInterfaceOrientationLandscapeLeft UIInterfaceOrientationLandscapeRight";
				INFOPLIST_KEY_UISupportedInterfaceOrientations_iPhone = "UIInterfaceOrientationPortrait UIInterfaceOrientationLandscapeLeft UIInterfaceOrientationLandscapeRight";
				LD_RUNPATH_SEARCH_PATHS = (
					"$(inherited)",
					"@executable_path/Frameworks",
				);
				MARKETING_VERSION = 1.0;
				PRODUCT_BUNDLE_IDENTIFIER = prueba.StartWarsPeople;
				PRODUCT_NAME = "$(TARGET_NAME)";
				SWIFT_EMIT_LOC_STRINGS = YES;
				SWIFT_VERSION = 5.0;
				TARGETED_DEVICE_FAMILY = "1,2";
			};
			name = Debug;
		};
		0C34CB3B2938BB9900DC3604 /* Release */ = {
			isa = XCBuildConfiguration;
			buildSettings = {
				ASSETCATALOG_COMPILER_APPICON_NAME = AppIcon;
				ASSETCATALOG_COMPILER_GLOBAL_ACCENT_COLOR_NAME = AccentColor;
				CODE_SIGN_STYLE = Automatic;
				CURRENT_PROJECT_VERSION = 1;
				DEVELOPMENT_TEAM = MD4HG8MA4H;
				GENERATE_INFOPLIST_FILE = YES;
				INFOPLIST_FILE = StartWarsPeople/Info.plist;
				INFOPLIST_KEY_UIApplicationSupportsIndirectInputEvents = YES;
				INFOPLIST_KEY_UILaunchStoryboardName = LaunchScreen;
				INFOPLIST_KEY_UISupportedInterfaceOrientations_iPad = "UIInterfaceOrientationPortrait UIInterfaceOrientationPortraitUpsideDown UIInterfaceOrientationLandscapeLeft UIInterfaceOrientationLandscapeRight";
				INFOPLIST_KEY_UISupportedInterfaceOrientations_iPhone = "UIInterfaceOrientationPortrait UIInterfaceOrientationLandscapeLeft UIInterfaceOrientationLandscapeRight";
				LD_RUNPATH_SEARCH_PATHS = (
					"$(inherited)",
					"@executable_path/Frameworks",
				);
				MARKETING_VERSION = 1.0;
				PRODUCT_BUNDLE_IDENTIFIER = prueba.StartWarsPeople;
				PRODUCT_NAME = "$(TARGET_NAME)";
				SWIFT_EMIT_LOC_STRINGS = YES;
				SWIFT_VERSION = 5.0;
				TARGETED_DEVICE_FAMILY = "1,2";
			};
			name = Release;
		};
		0C34CB3D2938BB9900DC3604 /* Debug */ = {
			isa = XCBuildConfiguration;
			buildSettings = {
				ALWAYS_EMBED_SWIFT_STANDARD_LIBRARIES = YES;
				BUNDLE_LOADER = "$(TEST_HOST)";
				CLANG_ENABLE_MODULES = YES;
				CODE_SIGN_STYLE = Automatic;
				CURRENT_PROJECT_VERSION = 1;
				DEVELOPMENT_TEAM = MD4HG8MA4H;
				GENERATE_INFOPLIST_FILE = YES;
				IPHONEOS_DEPLOYMENT_TARGET = 16.1;
				LD_RUNPATH_SEARCH_PATHS = (
					"$(inherited)",
					"@executable_path/Frameworks",
					"@loader_path/Frameworks",
				);
				MARKETING_VERSION = 1.0;
				PRODUCT_BUNDLE_IDENTIFIER = prueba.StartWarsPeopleTests;
				PRODUCT_NAME = "$(TARGET_NAME)";
				SWIFT_EMIT_LOC_STRINGS = NO;
				SWIFT_OPTIMIZATION_LEVEL = "-Onone";
				SWIFT_VERSION = 5.0;
				TARGETED_DEVICE_FAMILY = "1,2";
				TEST_HOST = "$(BUILT_PRODUCTS_DIR)/StartWarsPeople.app/$(BUNDLE_EXECUTABLE_FOLDER_PATH)/StartWarsPeople";
			};
			name = Debug;
		};
		0C34CB3E2938BB9900DC3604 /* Release */ = {
			isa = XCBuildConfiguration;
			buildSettings = {
				ALWAYS_EMBED_SWIFT_STANDARD_LIBRARIES = YES;
				BUNDLE_LOADER = "$(TEST_HOST)";
				CLANG_ENABLE_MODULES = YES;
				CODE_SIGN_STYLE = Automatic;
				CURRENT_PROJECT_VERSION = 1;
				DEVELOPMENT_TEAM = MD4HG8MA4H;
				GENERATE_INFOPLIST_FILE = YES;
				IPHONEOS_DEPLOYMENT_TARGET = 16.1;
				LD_RUNPATH_SEARCH_PATHS = (
					"$(inherited)",
					"@executable_path/Frameworks",
					"@loader_path/Frameworks",
				);
				MARKETING_VERSION = 1.0;
				PRODUCT_BUNDLE_IDENTIFIER = prueba.StartWarsPeopleTests;
				PRODUCT_NAME = "$(TARGET_NAME)";
				SWIFT_EMIT_LOC_STRINGS = NO;
				SWIFT_VERSION = 5.0;
				TARGETED_DEVICE_FAMILY = "1,2";
				TEST_HOST = "$(BUILT_PRODUCTS_DIR)/StartWarsPeople.app/$(BUNDLE_EXECUTABLE_FOLDER_PATH)/StartWarsPeople";
			};
			name = Release;
		};
/* End XCBuildConfiguration section */

/* Begin XCConfigurationList section */
		0C34CB0A2938BB9800DC3604 /* Build configuration list for PBXProject "StartWarsPeople" */ = {
			isa = XCConfigurationList;
			buildConfigurations = (
				0C34CB372938BB9900DC3604 /* Debug */,
				0C34CB382938BB9900DC3604 /* Release */,
			);
			defaultConfigurationIsVisible = 0;
			defaultConfigurationName = Release;
		};
		0C34CB392938BB9900DC3604 /* Build configuration list for PBXNativeTarget "StartWarsPeople" */ = {
			isa = XCConfigurationList;
			buildConfigurations = (
				0C34CB3A2938BB9900DC3604 /* Debug */,
				0C34CB3B2938BB9900DC3604 /* Release */,
			);
			defaultConfigurationIsVisible = 0;
			defaultConfigurationName = Release;
		};
		0C34CB3C2938BB9900DC3604 /* Build configuration list for PBXNativeTarget "StartWarsPeopleTests" */ = {
			isa = XCConfigurationList;
			buildConfigurations = (
				0C34CB3D2938BB9900DC3604 /* Debug */,
				0C34CB3E2938BB9900DC3604 /* Release */,
			);
			defaultConfigurationIsVisible = 0;
			defaultConfigurationName = Release;
		};
/* End XCConfigurationList section */
	};
	rootObject = 0C34CB072938BB9800DC3604 /* Project object */;
}
